
Microsoft Visual Studio Solution File, Format Version 12.00
# Visual Studio Version 16
VisualStudioVersion = 16.0.31205.134
MinimumVisualStudioVersion = 10.0.40219.1
Project("{FAE04EC0-301F-11D3-BF4B-00C04F79EFBC}") = "nhentaiDownloader", "nhentaiDownloader\nhentaiDownloader.csproj", "{168BD01E-3CA3-4AC0-8B0B-8903CC29971A}"
EndProject
Global
	GlobalSection(SolutionConfigurationPlatforms) = preSolution
		Debug|Any CPU = Debug|Any CPU
		Release|Any CPU = Release|Any CPU
	EndGlobalSection
	GlobalSection(ProjectConfigurationPlatforms) = postSolution
		{168BD01E-3CA3-4AC0-8B0B-8903CC29971A}.Debug|Any CPU.ActiveCfg = Debug|Any CPU
		{168BD01E-3CA3-4AC0-8B0B-8903CC29971A}.Debug|Any CPU.Build.0 = Debug|Any CPU
		{168BD01E-3CA3-4AC0-8B0B-8903CC29971A}.Release|Any CPU.ActiveCfg = Release|Any CPU
		{168BD01E-3CA3-4AC0-8B0B-8903CC29971A}.Release|Any CPU.Build.0 = Release|Any CPU
	EndGlobalSection
	GlobalSection(SolutionProperties) = preSolution
		HideSolutionNode = FALSE
	EndGlobalSection
	GlobalSection(ExtensibilityGlobals) = postSolution
		SolutionGuid = {9CCE785F-E53E-4D8D-A9F6-F1C1EB8006A0}
	EndGlobalSection
EndGlobal
